
Microsoft Visual Studio Solution File, Format Version 12.00
# Visual Studio Version 17
VisualStudioVersion = 17.3.32804.467
MinimumVisualStudioVersion = 10.0.40219.1
Project("{FAE04EC0-301F-11D3-BF4B-00C04F79EFBC}") = "Banco_Morangao", "Banco_Morangao\Banco_Morangao.csproj", "{B950AA59-6FEB-4740-B497-0BE22FB2B630}"
EndProject
Global
	GlobalSection(SolutionConfigurationPlatforms) = preSolution
		Debug|Any CPU = Debug|Any CPU
		Release|Any CPU = Release|Any CPU
	EndGlobalSection
	GlobalSection(ProjectConfigurationPlatforms) = postSolution
		{B950AA59-6FEB-4740-B497-0BE22FB2B630}.Debug|Any CPU.ActiveCfg = Debug|Any CPU
		{B950AA59-6FEB-4740-B497-0BE22FB2B630}.Debug|Any CPU.Build.0 = Debug|Any CPU
		{B950AA59-6FEB-4740-B497-0BE22FB2B630}.Release|Any CPU.ActiveCfg = Release|Any CPU
		{B950AA59-6FEB-4740-B497-0BE22FB2B630}.Release|Any CPU.Build.0 = Release|Any CPU
	EndGlobalSection
	GlobalSection(SolutionProperties) = preSolution
		HideSolutionNode = FALSE
	EndGlobalSection
	GlobalSection(ExtensibilityGlobals) = postSolution
		SolutionGuid = {D5D0C15C-4355-4F4D-AEBD-ADF115AD6253}
	EndGlobalSection
EndGlobal
